
Microsoft Visual Studio Solution File, Format Version 12.00
# Visual Studio Version 16
VisualStudioVersion = 16.0.29102.190
MinimumVisualStudioVersion = 10.0.40219.1
Project("{FAE04EC0-301F-11D3-BF4B-00C04F79EFBC}") = "Task2", "Class3\Task2.csproj", "{D9880639-420E-421A-B9E4-0F5C05440BB2}"
EndProject
Project("{FAE04EC0-301F-11D3-BF4B-00C04F79EFBC}") = "Task3", "Task3\Task3.csproj", "{880F0ED5-4FDD-4720-8074-29D7A55552FA}"
EndProject
Global
	GlobalSection(SolutionConfigurationPlatforms) = preSolution
		Debug|Any CPU = Debug|Any CPU
		Release|Any CPU = Release|Any CPU
	EndGlobalSection
	GlobalSection(ProjectConfigurationPlatforms) = postSolution
		{D9880639-420E-421A-B9E4-0F5C05440BB2}.Debug|Any CPU.ActiveCfg = Debug|Any CPU
		{D9880639-420E-421A-B9E4-0F5C05440BB2}.Debug|Any CPU.Build.0 = Debug|Any CPU
		{D9880639-420E-421A-B9E4-0F5C05440BB2}.Release|Any CPU.ActiveCfg = Release|Any CPU
		{D9880639-420E-421A-B9E4-0F5C05440BB2}.Release|Any CPU.Build.0 = Release|Any CPU
		{880F0ED5-4FDD-4720-8074-29D7A55552FA}.Debug|Any CPU.ActiveCfg = Debug|Any CPU
		{880F0ED5-4FDD-4720-8074-29D7A55552FA}.Debug|Any CPU.Build.0 = Debug|Any CPU
		{880F0ED5-4FDD-4720-8074-29D7A55552FA}.Release|Any CPU.ActiveCfg = Release|Any CPU
		{880F0ED5-4FDD-4720-8074-29D7A55552FA}.Release|Any CPU.Build.0 = Release|Any CPU
	EndGlobalSection
	GlobalSection(SolutionProperties) = preSolution
		HideSolutionNode = FALSE
	EndGlobalSection
	GlobalSection(ExtensibilityGlobals) = postSolution
		SolutionGuid = {AD15FF96-F930-4D1D-ACB1-CE16B8C7CFB3}
	EndGlobalSection
EndGlobal
